
Microsoft Visual Studio Solution File, Format Version 12.00
# Visual Studio Version 17
VisualStudioVersion = 17.9.34728.123
MinimumVisualStudioVersion = 10.0.40219.1
Project("{FAE04EC0-301F-11D3-BF4B-00C04F79EFBC}") = "Label Software", "Label Software\Label Software.csproj", "{CA4E3738-7451-452F-A020-79160359F0DC}"
EndProject
Global
	GlobalSection(SolutionConfigurationPlatforms) = preSolution
		Debug|Any CPU = Debug|Any CPU
		Release|Any CPU = Release|Any CPU
	EndGlobalSection
	GlobalSection(ProjectConfigurationPlatforms) = postSolution
		{CA4E3738-7451-452F-A020-79160359F0DC}.Debug|Any CPU.ActiveCfg = Debug|Any CPU
		{CA4E3738-7451-452F-A020-79160359F0DC}.Debug|Any CPU.Build.0 = Debug|Any CPU
		{CA4E3738-7451-452F-A020-79160359F0DC}.Release|Any CPU.ActiveCfg = Release|Any CPU
		{CA4E3738-7451-452F-A020-79160359F0DC}.Release|Any CPU.Build.0 = Release|Any CPU
	EndGlobalSection
	GlobalSection(SolutionProperties) = preSolution
		HideSolutionNode = FALSE
	EndGlobalSection
	GlobalSection(ExtensibilityGlobals) = postSolution
		SolutionGuid = {E9A7F797-7BD0-4F6B-BB4D-21D1516467B0}
	EndGlobalSection
EndGlobal
